
Microsoft Visual Studio Solution File, Format Version 12.00
# Visual Studio Version 17
VisualStudioVersion = 17.4.33205.214
MinimumVisualStudioVersion = 10.0.40219.1
Project("{FAE04EC0-301F-11D3-BF4B-00C04F79EFBC}") = "Acronymgenerator", "Acronymgenerator.csproj", "{DBBBD319-F104-482D-A681-7DD284F8D931}"
EndProject
Global
	GlobalSection(SolutionConfigurationPlatforms) = preSolution
		Debug|Any CPU = Debug|Any CPU
		Release|Any CPU = Release|Any CPU
	EndGlobalSection
	GlobalSection(ProjectConfigurationPlatforms) = postSolution
		{DBBBD319-F104-482D-A681-7DD284F8D931}.Debug|Any CPU.ActiveCfg = Debug|Any CPU
		{DBBBD319-F104-482D-A681-7DD284F8D931}.Debug|Any CPU.Build.0 = Debug|Any CPU
		{DBBBD319-F104-482D-A681-7DD284F8D931}.Release|Any CPU.ActiveCfg = Release|Any CPU
		{DBBBD319-F104-482D-A681-7DD284F8D931}.Release|Any CPU.Build.0 = Release|Any CPU
	EndGlobalSection
	GlobalSection(SolutionProperties) = preSolution
		HideSolutionNode = FALSE
	EndGlobalSection
	GlobalSection(ExtensibilityGlobals) = postSolution
		SolutionGuid = {8044E6F0-4A24-4268-B1AB-58B19D3B4887}
	EndGlobalSection
EndGlobal
